// !$*UTF8*$!
{
	archiveVersion = 1;
	classes = {
	};
	objectVersion = 77;
	objects = {

/* Begin PBXBuildFile section */
		0F17C98D2E7FF09C002186F0 /* KMPNativeCoroutinesAsync in Frameworks */ = {isa = PBXBuildFile; productRef = 0F17C98C2E7FF09C002186F0 /* KMPNativeCoroutinesAsync */; };
		0F17C98F2E7FF09C002186F0 /* KMPNativeCoroutinesCore in Frameworks */ = {isa = PBXBuildFile; productRef = 0F17C98E2E7FF09C002186F0 /* KMPNativeCoroutinesCore */; };
		0F17C9922E7FF111002186F0 /* KMPObservableViewModelCore in Frameworks */ = {isa = PBXBuildFile; productRef = 0F17C9912E7FF111002186F0 /* KMPObservableViewModelCore */; };
		0F17C9942E7FF111002186F0 /* KMPObservableViewModelSwiftUI in Frameworks */ = {isa = PBXBuildFile; productRef = 0F17C9932E7FF111002186F0 /* KMPObservableViewModelSwiftUI */; };
		0F17C99F2E8011DB002186F0 /* Kingfisher in Frameworks */ = {isa = PBXBuildFile; productRef = 0F17C99E2E8011DB002186F0 /* Kingfisher */; };
/* End PBXBuildFile section */

/* Begin PBXFileReference section */
		9A234306F6D9D3F58B2ED9F3 /* DragonBallApp.app */ = {isa = PBXFileReference; explicitFileType = wrapper.application; includeInIndex = 0; path = DragonBallApp.app; sourceTree = BUILT_PRODUCTS_DIR; };
/* End PBXFileReference section */

/* Begin PBXFileSystemSynchronizedBuildFileExceptionSet section */
		34C1FB926CC0718C99218DD9 /* Exceptions for "iosApp" folder in "iosApp" target */ = {
			isa = PBXFileSystemSynchronizedBuildFileExceptionSet;
			membershipExceptions = (
				Info.plist,
			);
			target = 3ABC1497AD740037141C3CB1 /* iosApp */;
		};
/* End PBXFileSystemSynchronizedBuildFileExceptionSet section */

/* Begin PBXFileSystemSynchronizedRootGroup section */
		5B3D9E7B32DF81D020BCA725 /* iosApp */ = {
			isa = PBXFileSystemSynchronizedRootGroup;
			exceptions = (
				34C1FB926CC0718C99218DD9 /* Exceptions for "iosApp" folder in "iosApp" target */,
			);
			path = iosApp;
			sourceTree = "<group>";
		};
		A02FC8EB5EBAE27E8E66FC3B /* Configuration */ = {
			isa = PBXFileSystemSynchronizedRootGroup;
			path = Configuration;
			sourceTree = "<group>";
		};
/* End PBXFileSystemSynchronizedRootGroup section */

/* Begin PBXFrameworksBuildPhase section */
		FFCF80D2159183C4BBD04E56 /* Frameworks */ = {
			isa = PBXFrameworksBuildPhase;
			buildActionMask = 2147483647;
			files = (
				0F17C98F2E7FF09C002186F0 /* KMPNativeCoroutinesCore in Frameworks */,
				0F17C9942E7FF111002186F0 /* KMPObservableViewModelSwiftUI in Frameworks */,
				0F17C98D2E7FF09C002186F0 /* KMPNativeCoroutinesAsync in Frameworks */,
				0F17C9922E7FF111002186F0 /* KMPObservableViewModelCore in Frameworks */,
				0F17C99F2E8011DB002186F0 /* Kingfisher in Frameworks */,
			);
			runOnlyForDeploymentPostprocessing = 0;
		};
/* End PBXFrameworksBuildPhase section */

/* Begin PBXGroup section */
		778F2C3A4EF754953E6D23B5 /* Products */ = {
			isa = PBXGroup;
			children = (
				9A234306F6D9D3F58B2ED9F3 /* DragonBallApp.app */,
			);
			name = Products;
			sourceTree = "<group>";
		};
		D12E5D680E73762440077A6B = {
			isa = PBXGroup;
			children = (
				A02FC8EB5EBAE27E8E66FC3B /* Configuration */,
				5B3D9E7B32DF81D020BCA725 /* iosApp */,
				778F2C3A4EF754953E6D23B5 /* Products */,
			);
			sourceTree = "<group>";
		};
/* End PBXGroup section */

/* Begin PBXNativeTarget section */
		3ABC1497AD740037141C3CB1 /* iosApp */ = {
			isa = PBXNativeTarget;
			buildConfigurationList = 9B27857887E63425D78FDE40 /* Build configuration list for PBXNativeTarget "iosApp" */;
			buildPhases = (
				BED5E6DF3298B84DB3ED6D97 /* Compile Kotlin Framework */,
				1EA1BA8D300FDF7B7ACC3737 /* Sources */,
				FFCF80D2159183C4BBD04E56 /* Frameworks */,
				86E076178DCB990E2F49178C /* Resources */,
			);
			buildRules = (
			);
			dependencies = (
			);
			fileSystemSynchronizedGroups = (
				5B3D9E7B32DF81D020BCA725 /* iosApp */,
			);
			name = iosApp;
			packageProductDependencies = (
				0F17C98C2E7FF09C002186F0 /* KMPNativeCoroutinesAsync */,
				0F17C98E2E7FF09C002186F0 /* KMPNativeCoroutinesCore */,
				0F17C9912E7FF111002186F0 /* KMPObservableViewModelCore */,
				0F17C9932E7FF111002186F0 /* KMPObservableViewModelSwiftUI */,
				0F17C99E2E8011DB002186F0 /* Kingfisher */,
			);
			productName = iosApp;
			productReference = 9A234306F6D9D3F58B2ED9F3 /* DragonBallApp.app */;
			productType = "com.apple.product-type.application";
		};
/* End PBXNativeTarget section */

/* Begin PBXProject section */
		DBB07C358D6F7024B1B788F7 /* Project object */ = {
			isa = PBXProject;
			attributes = {
				BuildIndependentTargetsInParallel = 1;
				LastSwiftUpdateCheck = 1620;
				LastUpgradeCheck = 1620;
				TargetAttributes = {
					3ABC1497AD740037141C3CB1 = {
						CreatedOnToolsVersion = 16.2;
					};
				};
			};
			buildConfigurationList = 4C85A2B9A511BE528F5CE756 /* Build configuration list for PBXProject "iosApp" */;
			developmentRegion = en;
			hasScannedForEncodings = 0;
			knownRegions = (
				en,
				Base,
			);
			mainGroup = D12E5D680E73762440077A6B;
			minimizedProjectReferenceProxies = 1;
			packageReferences = (
				0F17C98B2E7FF09C002186F0 /* XCRemoteSwiftPackageReference "KMP-NativeCoroutines" */,
				0F17C9902E7FF111002186F0 /* XCRemoteSwiftPackageReference "KMP-ObservableViewModel" */,
				0F17C99D2E8011DB002186F0 /* XCRemoteSwiftPackageReference "Kingfisher" */,
			);
			preferredProjectObjectVersion = 77;
			productRefGroup = 778F2C3A4EF754953E6D23B5 /* Products */;
			projectDirPath = "";
			projectRoot = "";
			targets = (
				3ABC1497AD740037141C3CB1 /* iosApp */,
			);
		};
/* End PBXProject section */

/* Begin PBXResourcesBuildPhase section */
		86E076178DCB990E2F49178C /* Resources */ = {
			isa = PBXResourcesBuildPhase;
			buildActionMask = 2147483647;
			files = (
			);
			runOnlyForDeploymentPostprocessing = 0;
		};
/* End PBXResourcesBuildPhase section */

/* Begin PBXShellScriptBuildPhase section */
		BED5E6DF3298B84DB3ED6D97 /* Compile Kotlin Framework */ = {
			isa = PBXShellScriptBuildPhase;
			alwaysOutOfDate = 1;
			buildActionMask = 2147483647;
			files = (
			);
			inputFileListPaths = (
			);
			inputPaths = (
			);
			name = "Compile Kotlin Framework";
			outputFileListPaths = (
			);
			outputPaths = (
			);
			runOnlyForDeploymentPostprocessing = 0;
			shellPath = /bin/sh;
			shellScript = "if [ \"YES\" = \"$OVERRIDE_KOTLIN_BUILD_IDE_SUPPORTED\" ]; then\n  echo \"Skipping Gradle build task invocation due to OVERRIDE_KOTLIN_BUILD_IDE_SUPPORTED environment variable set to \\\"YES\\\"\"\n  exit 0\nfi\ncd \"$SRCROOT/..\"\n./gradlew :shared:embedAndSignAppleFrameworkForXcode\n";
		};
/* End PBXShellScriptBuildPhase section */

/* Begin PBXSourcesBuildPhase section */
		1EA1BA8D300FDF7B7ACC3737 /* Sources */ = {
			isa = PBXSourcesBuildPhase;
			buildActionMask = 2147483647;
			files = (
			);
			runOnlyForDeploymentPostprocessing = 0;
		};
/* End PBXSourcesBuildPhase section */

/* Begin XCBuildConfiguration section */
		12E620D8A602FBA2A4A2F1FE /* Debug */ = {
			isa = XCBuildConfiguration;
			baseConfigurationReferenceAnchor = A02FC8EB5EBAE27E8E66FC3B /* Configuration */;
			baseConfigurationReferenceRelativePath = Config.xcconfig;
			buildSettings = {
				ALWAYS_SEARCH_USER_PATHS = NO;
				ASSETCATALOG_COMPILER_GENERATE_SWIFT_ASSET_SYMBOL_EXTENSIONS = YES;
				CLANG_ANALYZER_NONNULL = YES;
				CLANG_ANALYZER_NUMBER_OBJECT_CONVERSION = YES_AGGRESSIVE;
				CLANG_CXX_LANGUAGE_STANDARD = "gnu++20";
				CLANG_ENABLE_MODULES = YES;
				CLANG_ENABLE_OBJC_ARC = YES;
				CLANG_ENABLE_OBJC_WEAK = YES;
				CLANG_WARN_BLOCK_CAPTURE_AUTORELEASING = YES;
				CLANG_WARN_BOOL_CONVERSION = YES;
				CLANG_WARN_COMMA = YES;
				CLANG_WARN_CONSTANT_CONVERSION = YES;
				CLANG_WARN_DEPRECATED_OBJC_IMPLEMENTATIONS = YES;
				CLANG_WARN_DIRECT_OBJC_ISA_USAGE = YES_ERROR;
				CLANG_WARN_DOCUMENTATION_COMMENTS = YES;
				CLANG_WARN_EMPTY_BODY = YES;
				CLANG_WARN_ENUM_CONVERSION = YES;
				CLANG_WARN_INFINITE_RECURSION = YES;
				CLANG_WARN_INT_CONVERSION = YES;
				CLANG_WARN_NON_LITERAL_NULL_CONVERSION = YES;
				CLANG_WARN_OBJC_IMPLICIT_RETAIN_SELF = YES;
				CLANG_WARN_OBJC_LITERAL_CONVERSION = YES;
				CLANG_WARN_OBJC_ROOT_CLASS = YES_ERROR;
				CLANG_WARN_QUOTED_INCLUDE_IN_FRAMEWORK_HEADER = YES;
				CLANG_WARN_RANGE_LOOP_ANALYSIS = YES;
				CLANG_WARN_STRICT_PROTOTYPES = YES;
				CLANG_WARN_SUSPICIOUS_MOVE = YES;
				CLANG_WARN_UNGUARDED_AVAILABILITY = YES_AGGRESSIVE;
				CLANG_WARN_UNREACHABLE_CODE = YES;
				CLANG_WARN__DUPLICATE_METHOD_MATCH = YES;
				COPY_PHASE_STRIP = NO;
				DEBUG_INFORMATION_FORMAT = dwarf;
				ENABLE_STRICT_OBJC_MSGSEND = YES;
				ENABLE_TESTABILITY = YES;
				ENABLE_USER_SCRIPT_SANDBOXING = NO;
				GCC_C_LANGUAGE_STANDARD = gnu17;
				GCC_DYNAMIC_NO_PIC = NO;
				GCC_NO_COMMON_BLOCKS = YES;
				GCC_OPTIMIZATION_LEVEL = 0;
				GCC_PREPROCESSOR_DEFINITIONS = (
					"DEBUG=1",
					"$(inherited)",
				);
				GCC_WARN_64_TO_32_BIT_CONVERSION = YES;
				GCC_WARN_ABOUT_RETURN_TYPE = YES_ERROR;
				GCC_WARN_UNDECLARED_SELECTOR = YES;
				GCC_WARN_UNINITIALIZED_AUTOS = YES_AGGRESSIVE;
				GCC_WARN_UNUSED_FUNCTION = YES;
				GCC_WARN_UNUSED_VARIABLE = YES;
				IPHONEOS_DEPLOYMENT_TARGET = 18.2;
				LOCALIZATION_PREFERS_STRING_CATALOGS = YES;
				MTL_ENABLE_DEBUG_INFO = INCLUDE_SOURCE;
				MTL_FAST_MATH = YES;
				ONLY_ACTIVE_ARCH = YES;
				SDKROOT = iphoneos;
				SWIFT_ACTIVE_COMPILATION_CONDITIONS = "DEBUG $(inherited)";
				SWIFT_OPTIMIZATION_LEVEL = "-Onone";
			};
			name = Debug;
		};
		902957B44DAC394B42DC3B1B /* Release */ = {
			isa = XCBuildConfiguration;
			baseConfigurationReferenceAnchor = A02FC8EB5EBAE27E8E66FC3B /* Configuration */;
			baseConfigurationReferenceRelativePath = Config.xcconfig;
			buildSettings = {
				ALWAYS_SEARCH_USER_PATHS = NO;
				ASSETCATALOG_COMPILER_GENERATE_SWIFT_ASSET_SYMBOL_EXTENSIONS = YES;
				CLANG_ANALYZER_NONNULL = YES;
				CLANG_ANALYZER_NUMBER_OBJECT_CONVERSION = YES_AGGRESSIVE;
				CLANG_CXX_LANGUAGE_STANDARD = "gnu++20";
				CLANG_ENABLE_MODULES = YES;
				CLANG_ENABLE_OBJC_ARC = YES;
				CLANG_ENABLE_OBJC_WEAK = YES;
				CLANG_WARN_BLOCK_CAPTURE_AUTORELEASING = YES;
				CLANG_WARN_BOOL_CONVERSION = YES;
				CLANG_WARN_COMMA = YES;
				CLANG_WARN_CONSTANT_CONVERSION = YES;
				CLANG_WARN_DEPRECATED_OBJC_IMPLEMENTATIONS = YES;
				CLANG_WARN_DIRECT_OBJC_ISA_USAGE = YES_ERROR;
				CLANG_WARN_DOCUMENTATION_COMMENTS = YES;
				CLANG_WARN_EMPTY_BODY = YES;
				CLANG_WARN_ENUM_CONVERSION = YES;
				CLANG_WARN_INFINITE_RECURSION = YES;
				CLANG_WARN_INT_CONVERSION = YES;
				CLANG_WARN_NON_LITERAL_NULL_CONVERSION = YES;
				CLANG_WARN_OBJC_IMPLICIT_RETAIN_SELF = YES;
				CLANG_WARN_OBJC_LITERAL_CONVERSION = YES;
				CLANG_WARN_OBJC_ROOT_CLASS = YES_ERROR;
				CLANG_WARN_QUOTED_INCLUDE_IN_FRAMEWORK_HEADER = YES;
				CLANG_WARN_RANGE_LOOP_ANALYSIS = YES;
				CLANG_WARN_STRICT_PROTOTYPES = YES;
				CLANG_WARN_SUSPICIOUS_MOVE = YES;
				CLANG_WARN_UNGUARDED_AVAILABILITY = YES_AGGRESSIVE;
				CLANG_WARN_UNREACHABLE_CODE = YES;
				CLANG_WARN__DUPLICATE_METHOD_MATCH = YES;
				COPY_PHASE_STRIP = NO;
				DEBUG_INFORMATION_FORMAT = "dwarf-with-dsym";
				ENABLE_NS_ASSERTIONS = NO;
				ENABLE_STRICT_OBJC_MSGSEND = YES;
				ENABLE_USER_SCRIPT_SANDBOXING = NO;
				GCC_C_LANGUAGE_STANDARD = gnu17;
				GCC_NO_COMMON_BLOCKS = YES;
				GCC_WARN_64_TO_32_BIT_CONVERSION = YES;
				GCC_WARN_ABOUT_RETURN_TYPE = YES_ERROR;
				GCC_WARN_UNDECLARED_SELECTOR = YES;
				GCC_WARN_UNINITIALIZED_AUTOS = YES_AGGRESSIVE;
				GCC_WARN_UNUSED_FUNCTION = YES;
				GCC_WARN_UNUSED_VARIABLE = YES;
				IPHONEOS_DEPLOYMENT_TARGET = 18.2;
				LOCALIZATION_PREFERS_STRING_CATALOGS = YES;
				MTL_ENABLE_DEBUG_INFO = NO;
				MTL_FAST_MATH = YES;
				SDKROOT = iphoneos;
				SWIFT_COMPILATION_MODE = wholemodule;
				VALIDATE_PRODUCT = YES;
			};
			name = Release;
		};
		BF7A943A61E4276F8B8C28C0 /* Release */ = {
			isa = XCBuildConfiguration;
			buildSettings = {
				ARCHS = arm64;
				ASSETCATALOG_COMPILER_APPICON_NAME = AppIcon;
				ASSETCATALOG_COMPILER_GLOBAL_ACCENT_COLOR_NAME = AccentColor;
				CODE_SIGN_IDENTITY = "Apple Development";
				CODE_SIGN_STYLE = Automatic;
				DEVELOPMENT_ASSET_PATHS = "\"iosApp/Preview Content\"";
				DEVELOPMENT_TEAM = "${TEAM_ID}";
				ENABLE_PREVIEWS = YES;
				GENERATE_INFOPLIST_FILE = YES;
				INFOPLIST_FILE = iosApp/Info.plist;
				INFOPLIST_KEY_UIApplicationSceneManifest_Generation = YES;
				INFOPLIST_KEY_UIApplicationSupportsIndirectInputEvents = YES;
				INFOPLIST_KEY_UILaunchScreen_Generation = YES;
				INFOPLIST_KEY_UISupportedInterfaceOrientations_iPad = "UIInterfaceOrientationPortrait UIInterfaceOrientationPortraitUpsideDown UIInterfaceOrientationLandscapeLeft UIInterfaceOrientationLandscapeRight";
				INFOPLIST_KEY_UISupportedInterfaceOrientations_iPhone = "UIInterfaceOrientationPortrait UIInterfaceOrientationLandscapeLeft UIInterfaceOrientationLandscapeRight";
				LD_RUNPATH_SEARCH_PATHS = (
					"$(inherited)",
					"@executable_path/Frameworks",
				);
				SWIFT_EMIT_LOC_STRINGS = YES;
				SWIFT_VERSION = 5.0;
				TARGETED_DEVICE_FAMILY = "1,2";
			};
			name = Release;
		};
		DEF609F28C2696E073C78C4F /* Debug */ = {
			isa = XCBuildConfiguration;
			buildSettings = {
				ARCHS = arm64;
				ASSETCATALOG_COMPILER_APPICON_NAME = AppIcon;
				ASSETCATALOG_COMPILER_GLOBAL_ACCENT_COLOR_NAME = AccentColor;
				CODE_SIGN_IDENTITY = "Apple Development";
				CODE_SIGN_STYLE = Automatic;
				DEVELOPMENT_ASSET_PATHS = "\"iosApp/Preview Content\"";
				DEVELOPMENT_TEAM = "${TEAM_ID}";
				ENABLE_PREVIEWS = YES;
				GENERATE_INFOPLIST_FILE = YES;
				INFOPLIST_FILE = iosApp/Info.plist;
				INFOPLIST_KEY_UIApplicationSceneManifest_Generation = YES;
				INFOPLIST_KEY_UIApplicationSupportsIndirectInputEvents = YES;
				INFOPLIST_KEY_UILaunchScreen_Generation = YES;
				INFOPLIST_KEY_UISupportedInterfaceOrientations_iPad = "UIInterfaceOrientationPortrait UIInterfaceOrientationPortraitUpsideDown UIInterfaceOrientationLandscapeLeft UIInterfaceOrientationLandscapeRight";
				INFOPLIST_KEY_UISupportedInterfaceOrientations_iPhone = "UIInterfaceOrientationPortrait UIInterfaceOrientationLandscapeLeft UIInterfaceOrientationLandscapeRight";
				LD_RUNPATH_SEARCH_PATHS = (
					"$(inherited)",
					"@executable_path/Frameworks",
				);
				SWIFT_EMIT_LOC_STRINGS = YES;
				SWIFT_VERSION = 5.0;
				TARGETED_DEVICE_FAMILY = "1,2";
			};
			name = Debug;
		};
/* End XCBuildConfiguration section */

/* Begin XCConfigurationList section */
		4C85A2B9A511BE528F5CE756 /* Build configuration list for PBXProject "iosApp" */ = {
			isa = XCConfigurationList;
			buildConfigurations = (
				12E620D8A602FBA2A4A2F1FE /* Debug */,
				902957B44DAC394B42DC3B1B /* Release */,
			);
			defaultConfigurationIsVisible = 0;
			defaultConfigurationName = Release;
		};
		9B27857887E63425D78FDE40 /* Build configuration list for PBXNativeTarget "iosApp" */ = {
			isa = XCConfigurationList;
			buildConfigurations = (
				DEF609F28C2696E073C78C4F /* Debug */,
				BF7A943A61E4276F8B8C28C0 /* Release */,
			);
			defaultConfigurationIsVisible = 0;
			defaultConfigurationName = Release;
		};
/* End XCConfigurationList section */

/* Begin XCRemoteSwiftPackageReference section */
		0F17C98B2E7FF09C002186F0 /* XCRemoteSwiftPackageReference "KMP-NativeCoroutines" */ = {
			isa = XCRemoteSwiftPackageReference;
			repositoryURL = "https://github.com/rickclephas/KMP-NativeCoroutines.git";
			requirement = {
				kind = exactVersion;
				version = "1.0.0-ALPHA-47-spm-async";
			};
		};
		0F17C9902E7FF111002186F0 /* XCRemoteSwiftPackageReference "KMP-ObservableViewModel" */ = {
			isa = XCRemoteSwiftPackageReference;
			repositoryURL = "Https://github.com/rickclephas/KMP-ObservableViewModel.git";
			requirement = {
				kind = exactVersion;
				version = "1.0.0-BETA-14";
			};
		};
		0F17C99D2E8011DB002186F0 /* XCRemoteSwiftPackageReference "Kingfisher" */ = {
			isa = XCRemoteSwiftPackageReference;
			repositoryURL = "https://github.com/onevcat/Kingfisher.git";
			requirement = {
				kind = upToNextMajorVersion;
				minimumVersion = 8.5.0;
			};
		};
/* End XCRemoteSwiftPackageReference section */

/* Begin XCSwiftPackageProductDependency section */
		0F17C98C2E7FF09C002186F0 /* KMPNativeCoroutinesAsync */ = {
			isa = XCSwiftPackageProductDependency;
			package = 0F17C98B2E7FF09C002186F0 /* XCRemoteSwiftPackageReference "KMP-NativeCoroutines" */;
			productName = KMPNativeCoroutinesAsync;
		};
		0F17C98E2E7FF09C002186F0 /* KMPNativeCoroutinesCore */ = {
			isa = XCSwiftPackageProductDependency;
			package = 0F17C98B2E7FF09C002186F0 /* XCRemoteSwiftPackageReference "KMP-NativeCoroutines" */;
			productName = KMPNativeCoroutinesCore;
		};
		0F17C9912E7FF111002186F0 /* KMPObservableViewModelCore */ = {
			isa = XCSwiftPackageProductDependency;
			package = 0F17C9902E7FF111002186F0 /* XCRemoteSwiftPackageReference "KMP-ObservableViewModel" */;
			productName = KMPObservableViewModelCore;
		};
		0F17C9932E7FF111002186F0 /* KMPObservableViewModelSwiftUI */ = {
			isa = XCSwiftPackageProductDependency;
			package = 0F17C9902E7FF111002186F0 /* XCRemoteSwiftPackageReference "KMP-ObservableViewModel" */;
			productName = KMPObservableViewModelSwiftUI;
		};
		0F17C99E2E8011DB002186F0 /* Kingfisher */ = {
			isa = XCSwiftPackageProductDependency;
			package = 0F17C99D2E8011DB002186F0 /* XCRemoteSwiftPackageReference "Kingfisher" */;
			productName = Kingfisher;
		};
/* End XCSwiftPackageProductDependency section */
	};
	rootObject = DBB07C358D6F7024B1B788F7 /* Project object */;
}
